github.com/balacode/go-delta v0.1.0 h1:pwz4CMn06P2bIaIfAx3GSabMPwJp/Ww4if+7SgPYa3I=
github.com/balacode/go-delta v0.1.0/go.mod h1:wLNrwTI3lHbPBvnLzqbHmA7HVVlm1u22XLvhbeA6t3o=
github.com/balacode/zr v1.0.0 h1:MCupkEoXvrnCljc4KddiDOhR04ZLUAACgtKuo3o+9vc=
github.com/balacode/zr v1.0.0/go.mod h1:pLeSAL3DhZ9L0JuiRkUtIX3mLOCtzBLnDhfmykbSmkE=
